// !$*UTF8*$!
{
	archiveVersion = 1;
	classes = {
	};
	objectVersion = 50;
	objects = {

/* Begin PBXBuildFile section */
		394E055A22378B53005B2DAA /* AppDelegate.swift in Sources */ = {isa = PBXBuildFile; fileRef = 394E055922378B53005B2DAA /* AppDelegate.swift */; };
		394E055F22378B53005B2DAA /* Main.storyboard in Resources */ = {isa = PBXBuildFile; fileRef = 394E055D22378B53005B2DAA /* Main.storyboard */; };
		394E056122378B55005B2DAA /* Assets.xcassets in Resources */ = {isa = PBXBuildFile; fileRef = 394E056022378B55005B2DAA /* Assets.xcassets */; };
		394E056422378B55005B2DAA /* LaunchScreen.storyboard in Resources */ = {isa = PBXBuildFile; fileRef = 394E056222378B55005B2DAA /* LaunchScreen.storyboard */; };
		394E056D22384A89005B2DAA /* SearchTableViewController.swift in Sources */ = {isa = PBXBuildFile; fileRef = 394E056C22384A89005B2DAA /* SearchTableViewController.swift */; };
		394E056F2238CC44005B2DAA /* SettingsViewController.swift in Sources */ = {isa = PBXBuildFile; fileRef = 394E056E2238CC44005B2DAA /* SettingsViewController.swift */; };
		394E05712238CC95005B2DAA /* WishListViewController.swift in Sources */ = {isa = PBXBuildFile; fileRef = 394E05702238CC95005B2DAA /* WishListViewController.swift */; };
		394E05732238CCAC005B2DAA /* SearchDetailViewController.swift in Sources */ = {isa = PBXBuildFile; fileRef = 394E05722238CCAC005B2DAA /* SearchDetailViewController.swift */; };
		394E05772239C1AD005B2DAA /* Surfbox.xcdatamodeld in Sources */ = {isa = PBXBuildFile; fileRef = 394E05752239C1AD005B2DAA /* Surfbox.xcdatamodeld */; };
		394E057B2239C40A005B2DAA /* VODController.swift in Sources */ = {isa = PBXBuildFile; fileRef = 394E057A2239C40A005B2DAA /* VODController.swift */; };
		394E057D2239C433005B2DAA /* CoreDataStack.swift in Sources */ = {isa = PBXBuildFile; fileRef = 394E057C2239C433005B2DAA /* CoreDataStack.swift */; };
		394E057F223A2B67005B2DAA /* VODTableViewCell.swift in Sources */ = {isa = PBXBuildFile; fileRef = 394E057E223A2B67005B2DAA /* VODTableViewCell.swift */; };
		394E0581223A34FF005B2DAA /* VOD+Convenience.swift in Sources */ = {isa = PBXBuildFile; fileRef = 394E0580223A34FF005B2DAA /* VOD+Convenience.swift */; };
		394E0583223A35D2005B2DAA /* VOD+Codable.swift in Sources */ = {isa = PBXBuildFile; fileRef = 394E0582223A35D2005B2DAA /* VOD+Codable.swift */; };
		394E0585223A3687005B2DAA /* VODRepresentation.swift in Sources */ = {isa = PBXBuildFile; fileRef = 394E0584223A3687005B2DAA /* VODRepresentation.swift */; };
		394E0587223B93DD005B2DAA /* Cache.swift in Sources */ = {isa = PBXBuildFile; fileRef = 394E0586223B93DD005B2DAA /* Cache.swift */; };
/* End PBXBuildFile section */

/* Begin PBXFileReference section */
		394E055622378B53005B2DAA /* Surfbox.app */ = {isa = PBXFileReference; explicitFileType = wrapper.application; includeInIndex = 0; path = Surfbox.app; sourceTree = BUILT_PRODUCTS_DIR; };
		394E055922378B53005B2DAA /* AppDelegate.swift */ = {isa = PBXFileReference; lastKnownFileType = sourcecode.swift; path = AppDelegate.swift; sourceTree = "<group>"; };
		394E055E22378B53005B2DAA /* Base */ = {isa = PBXFileReference; lastKnownFileType = file.storyboard; name = Base; path = Base.lproj/Main.storyboard; sourceTree = "<group>"; };
		394E056022378B55005B2DAA /* Assets.xcassets */ = {isa = PBXFileReference; lastKnownFileType = folder.assetcatalog; path = Assets.xcassets; sourceTree = "<group>"; };
		394E056322378B55005B2DAA /* Base */ = {isa = PBXFileReference; lastKnownFileType = file.storyboard; name = Base; path = Base.lproj/LaunchScreen.storyboard; sourceTree = "<group>"; };
		394E056522378B55005B2DAA /* Info.plist */ = {isa = PBXFileReference; lastKnownFileType = text.plist.xml; path = Info.plist; sourceTree = "<group>"; };
		394E056C22384A89005B2DAA /* SearchTableViewController.swift */ = {isa = PBXFileReference; lastKnownFileType = sourcecode.swift; path = SearchTableViewController.swift; sourceTree = "<group>"; };
		394E056E2238CC44005B2DAA /* SettingsViewController.swift */ = {isa = PBXFileReference; lastKnownFileType = sourcecode.swift; path = SettingsViewController.swift; sourceTree = "<group>"; };
		394E05702238CC95005B2DAA /* WishListViewController.swift */ = {isa = PBXFileReference; lastKnownFileType = sourcecode.swift; path = WishListViewController.swift; sourceTree = "<group>"; };
		394E05722238CCAC005B2DAA /* SearchDetailViewController.swift */ = {isa = PBXFileReference; lastKnownFileType = sourcecode.swift; path = SearchDetailViewController.swift; sourceTree = "<group>"; };
		394E05762239C1AD005B2DAA /* Surfbox.xcdatamodel */ = {isa = PBXFileReference; lastKnownFileType = wrapper.xcdatamodel; path = Surfbox.xcdatamodel; sourceTree = "<group>"; };
		394E057A2239C40A005B2DAA /* VODController.swift */ = {isa = PBXFileReference; lastKnownFileType = sourcecode.swift; path = VODController.swift; sourceTree = SOURCE_ROOT; };
		394E057C2239C433005B2DAA /* CoreDataStack.swift */ = {isa = PBXFileReference; lastKnownFileType = sourcecode.swift; path = CoreDataStack.swift; sourceTree = "<group>"; };
		394E057E223A2B67005B2DAA /* VODTableViewCell.swift */ = {isa = PBXFileReference; lastKnownFileType = sourcecode.swift; path = VODTableViewCell.swift; sourceTree = "<group>"; };
		394E0580223A34FF005B2DAA /* VOD+Convenience.swift */ = {isa = PBXFileReference; lastKnownFileType = sourcecode.swift; path = "VOD+Convenience.swift"; sourceTree = "<group>"; };
		394E0582223A35D2005B2DAA /* VOD+Codable.swift */ = {isa = PBXFileReference; lastKnownFileType = sourcecode.swift; path = "VOD+Codable.swift"; sourceTree = "<group>"; };
		394E0584223A3687005B2DAA /* VODRepresentation.swift */ = {isa = PBXFileReference; lastKnownFileType = sourcecode.swift; path = VODRepresentation.swift; sourceTree = "<group>"; };
		394E0586223B93DD005B2DAA /* Cache.swift */ = {isa = PBXFileReference; lastKnownFileType = sourcecode.swift; path = Cache.swift; sourceTree = "<group>"; };
/* End PBXFileReference section */

/* Begin PBXFrameworksBuildPhase section */
		394E055322378B53005B2DAA /* Frameworks */ = {
			isa = PBXFrameworksBuildPhase;
			buildActionMask = 2147483647;
			files = (
			);
			runOnlyForDeploymentPostprocessing = 0;
		};
/* End PBXFrameworksBuildPhase section */

/* Begin PBXGroup section */
		394E054D22378B53005B2DAA = {
			isa = PBXGroup;
			children = (
				394E055822378B53005B2DAA /* Surfbox */,
				394E055722378B53005B2DAA /* Products */,
			);
			sourceTree = "<group>";
		};
		394E055722378B53005B2DAA /* Products */ = {
			isa = PBXGroup;
			children = (
				394E055622378B53005B2DAA /* Surfbox.app */,
			);
			name = Products;
			sourceTree = "<group>";
		};
		394E055822378B53005B2DAA /* Surfbox */ = {
			isa = PBXGroup;
			children = (
				394E055922378B53005B2DAA /* AppDelegate.swift */,
				394E05782239C1C7005B2DAA /* Storyboards */,
				394E05742239C189005B2DAA /* Model */,
				394E05792239C251005B2DAA /* Model Controller */,
				394E056B22384A35005B2DAA /* View Controllers */,
				394E056022378B55005B2DAA /* Assets.xcassets */,
				394E056522378B55005B2DAA /* Info.plist */,
			);
			path = Surfbox;
			sourceTree = "<group>";
		};
		394E056B22384A35005B2DAA /* View Controllers */ = {
			isa = PBXGroup;
			children = (
				394E056C22384A89005B2DAA /* SearchTableViewController.swift */,
				394E057E223A2B67005B2DAA /* VODTableViewCell.swift */,
				394E05722238CCAC005B2DAA /* SearchDetailViewController.swift */,
				394E056E2238CC44005B2DAA /* SettingsViewController.swift */,
				394E05702238CC95005B2DAA /* WishListViewController.swift */,
			);
			path = "View Controllers";
			sourceTree = "<group>";
		};
		394E05742239C189005B2DAA /* Model */ = {
			isa = PBXGroup;
			children = (
				394E05752239C1AD005B2DAA /* Surfbox.xcdatamodeld */,
				394E0580223A34FF005B2DAA /* VOD+Convenience.swift */,
				394E0582223A35D2005B2DAA /* VOD+Codable.swift */,
				394E0584223A3687005B2DAA /* VODRepresentation.swift */,
			);
			path = Model;
			sourceTree = "<group>";
		};
		394E05782239C1C7005B2DAA /* Storyboards */ = {
			isa = PBXGroup;
			children = (
				394E055D22378B53005B2DAA /* Main.storyboard */,
				394E056222378B55005B2DAA /* LaunchScreen.storyboard */,
			);
			path = Storyboards;
			sourceTree = "<group>";
		};
		394E05792239C251005B2DAA /* Model Controller */ = {
			isa = PBXGroup;
			children = (
				394E057A2239C40A005B2DAA /* VODController.swift */,
				394E057C2239C433005B2DAA /* CoreDataStack.swift */,
				394E0586223B93DD005B2DAA /* Cache.swift */,
			);
			path = "Model Controller";
			sourceTree = "<group>";
		};
/* End PBXGroup section */

/* Begin PBXNativeTarget section */
		394E055522378B53005B2DAA /* Surfbox */ = {
			isa = PBXNativeTarget;
			buildConfigurationList = 394E056822378B55005B2DAA /* Build configuration list for PBXNativeTarget "Surfbox" */;
			buildPhases = (
				394E055222378B53005B2DAA /* Sources */,
				394E055322378B53005B2DAA /* Frameworks */,
				394E055422378B53005B2DAA /* Resources */,
			);
			buildRules = (
			);
			dependencies = (
			);
			name = Surfbox;
			productName = Surfbox;
			productReference = 394E055622378B53005B2DAA /* Surfbox.app */;
			productType = "com.apple.product-type.application";
		};
/* End PBXNativeTarget section */

/* Begin PBXProject section */
		394E054E22378B53005B2DAA /* Project object */ = {
			isa = PBXProject;
			attributes = {
				LastSwiftUpdateCheck = 1010;
				LastUpgradeCheck = 1010;
				ORGANIZATIONNAME = "Moses Robinson";
				TargetAttributes = {
					394E055522378B53005B2DAA = {
						CreatedOnToolsVersion = 10.1;
					};
				};
			};
			buildConfigurationList = 394E055122378B53005B2DAA /* Build configuration list for PBXProject "Surfbox" */;
			compatibilityVersion = "Xcode 9.3";
			developmentRegion = en;
			hasScannedForEncodings = 0;
			knownRegions = (
				en,
				Base,
			);
			mainGroup = 394E054D22378B53005B2DAA;
			productRefGroup = 394E055722378B53005B2DAA /* Products */;
			projectDirPath = "";
			projectRoot = "";
			targets = (
				394E055522378B53005B2DAA /* Surfbox */,
			);
		};
/* End PBXProject section */

/* Begin PBXResourcesBuildPhase section */
		394E055422378B53005B2DAA /* Resources */ = {
			isa = PBXResourcesBuildPhase;
			buildActionMask = 2147483647;
			files = (
				394E056422378B55005B2DAA /* LaunchScreen.storyboard in Resources */,
				394E056122378B55005B2DAA /* Assets.xcassets in Resources */,
				394E055F22378B53005B2DAA /* Main.storyboard in Resources */,
			);
			runOnlyForDeploymentPostprocessing = 0;
		};
/* End PBXResourcesBuildPhase section */

/* Begin PBXSourcesBuildPhase section */
		394E055222378B53005B2DAA /* Sources */ = {
			isa = PBXSourcesBuildPhase;
			buildActionMask = 2147483647;
			files = (
				394E055A22378B53005B2DAA /* AppDelegate.swift in Sources */,
				394E05732238CCAC005B2DAA /* SearchDetailViewController.swift in Sources */,
				394E0585223A3687005B2DAA /* VODRepresentation.swift in Sources */,
				394E057B2239C40A005B2DAA /* VODController.swift in Sources */,
				394E05712238CC95005B2DAA /* WishListViewController.swift in Sources */,
				394E05772239C1AD005B2DAA /* Surfbox.xcdatamodeld in Sources */,
				394E0587223B93DD005B2DAA /* Cache.swift in Sources */,
				394E0581223A34FF005B2DAA /* VOD+Convenience.swift in Sources */,
				394E056D22384A89005B2DAA /* SearchTableViewController.swift in Sources */,
				394E056F2238CC44005B2DAA /* SettingsViewController.swift in Sources */,
				394E057F223A2B67005B2DAA /* VODTableViewCell.swift in Sources */,
				394E0583223A35D2005B2DAA /* VOD+Codable.swift in Sources */,
				394E057D2239C433005B2DAA /* CoreDataStack.swift in Sources */,
			);
			runOnlyForDeploymentPostprocessing = 0;
		};
/* End PBXSourcesBuildPhase section */

/* Begin PBXVariantGroup section */
		394E055D22378B53005B2DAA /* Main.storyboard */ = {
			isa = PBXVariantGroup;
			children = (
				394E055E22378B53005B2DAA /* Base */,
			);
			name = Main.storyboard;
			sourceTree = "<group>";
		};
		394E056222378B55005B2DAA /* LaunchScreen.storyboard */ = {
			isa = PBXVariantGroup;
			children = (
				394E056322378B55005B2DAA /* Base */,
			);
			name = LaunchScreen.storyboard;
			sourceTree = "<group>";
		};
/* End PBXVariantGroup section */

/* Begin XCBuildConfiguration section */
		394E056622378B55005B2DAA /* Debug */ = {
			isa = XCBuildConfiguration;
			buildSettings = {
				ALWAYS_SEARCH_USER_PATHS = NO;
				CLANG_ANALYZER_NONNULL = YES;
				CLANG_ANALYZER_NUMBER_OBJECT_CONVERSION = YES_AGGRESSIVE;
				CLANG_CXX_LANGUAGE_STANDARD = "gnu++14";
				CLANG_CXX_LIBRARY = "libc++";
				CLANG_ENABLE_MODULES = YES;
				CLANG_ENABLE_OBJC_ARC = YES;
				CLANG_ENABLE_OBJC_WEAK = YES;
				CLANG_WARN_BLOCK_CAPTURE_AUTORELEASING = YES;
				CLANG_WARN_BOOL_CONVERSION = YES;
				CLANG_WARN_COMMA = YES;
				CLANG_WARN_CONSTANT_CONVERSION = YES;
				CLANG_WARN_DEPRECATED_OBJC_IMPLEMENTATIONS = YES;
				CLANG_WARN_DIRECT_OBJC_ISA_USAGE = YES_ERROR;
				CLANG_WARN_DOCUMENTATION_COMMENTS = YES;
				CLANG_WARN_EMPTY_BODY = YES;
				CLANG_WARN_ENUM_CONVERSION = YES;
				CLANG_WARN_INFINITE_RECURSION = YES;
				CLANG_WARN_INT_CONVERSION = YES;
				CLANG_WARN_NON_LITERAL_NULL_CONVERSION = YES;
				CLANG_WARN_OBJC_IMPLICIT_RETAIN_SELF = YES;
				CLANG_WARN_OBJC_LITERAL_CONVERSION = YES;
				CLANG_WARN_OBJC_ROOT_CLASS = YES_ERROR;
				CLANG_WARN_RANGE_LOOP_ANALYSIS = YES;
				CLANG_WARN_STRICT_PROTOTYPES = YES;
				CLANG_WARN_SUSPICIOUS_MOVE = YES;
				CLANG_WARN_UNGUARDED_AVAILABILITY = YES_AGGRESSIVE;
				CLANG_WARN_UNREACHABLE_CODE = YES;
				CLANG_WARN__DUPLICATE_METHOD_MATCH = YES;
				CODE_SIGN_IDENTITY = "iPhone Developer";
				COPY_PHASE_STRIP = NO;
				DEBUG_INFORMATION_FORMAT = dwarf;
				ENABLE_STRICT_OBJC_MSGSEND = YES;
				ENABLE_TESTABILITY = YES;
				GCC_C_LANGUAGE_STANDARD = gnu11;
				GCC_DYNAMIC_NO_PIC = NO;
				GCC_NO_COMMON_BLOCKS = YES;
				GCC_OPTIMIZATION_LEVEL = 0;
				GCC_PREPROCESSOR_DEFINITIONS = (
					"DEBUG=1",
					"$(inherited)",
				);
				GCC_WARN_64_TO_32_BIT_CONVERSION = YES;
				GCC_WARN_ABOUT_RETURN_TYPE = YES_ERROR;
				GCC_WARN_UNDECLARED_SELECTOR = YES;
				GCC_WARN_UNINITIALIZED_AUTOS = YES_AGGRESSIVE;
				GCC_WARN_UNUSED_FUNCTION = YES;
				GCC_WARN_UNUSED_VARIABLE = YES;
				IPHONEOS_DEPLOYMENT_TARGET = 12.1;
				MTL_ENABLE_DEBUG_INFO = INCLUDE_SOURCE;
				MTL_FAST_MATH = YES;
				ONLY_ACTIVE_ARCH = YES;
				SDKROOT = iphoneos;
				SWIFT_ACTIVE_COMPILATION_CONDITIONS = DEBUG;
				SWIFT_OPTIMIZATION_LEVEL = "-Onone";
			};
			name = Debug;
		};
		394E056722378B55005B2DAA /* Release */ = {
			isa = XCBuildConfiguration;
			buildSettings = {
				ALWAYS_SEARCH_USER_PATHS = NO;
				CLANG_ANALYZER_NONNULL = YES;
				CLANG_ANALYZER_NUMBER_OBJECT_CONVERSION = YES_AGGRESSIVE;
				CLANG_CXX_LANGUAGE_STANDARD = "gnu++14";
				CLANG_CXX_LIBRARY = "libc++";
				CLANG_ENABLE_MODULES = YES;
				CLANG_ENABLE_OBJC_ARC = YES;
				CLANG_ENABLE_OBJC_WEAK = YES;
				CLANG_WARN_BLOCK_CAPTURE_AUTORELEASING = YES;
				CLANG_WARN_BOOL_CONVERSION = YES;
				CLANG_WARN_COMMA = YES;
				CLANG_WARN_CONSTANT_CONVERSION = YES;
				CLANG_WARN_DEPRECATED_OBJC_IMPLEMENTATIONS = YES;
				CLANG_WARN_DIRECT_OBJC_ISA_USAGE = YES_ERROR;
				CLANG_WARN_DOCUMENTATION_COMMENTS = YES;
				CLANG_WARN_EMPTY_BODY = YES;
				CLANG_WARN_ENUM_CONVERSION = YES;
				CLANG_WARN_INFINITE_RECURSION = YES;
				CLANG_WARN_INT_CONVERSION = YES;
				CLANG_WARN_NON_LITERAL_NULL_CONVERSION = YES;
				CLANG_WARN_OBJC_IMPLICIT_RETAIN_SELF = YES;
				CLANG_WARN_OBJC_LITERAL_CONVERSION = YES;
				CLANG_WARN_OBJC_ROOT_CLASS = YES_ERROR;
				CLANG_WARN_RANGE_LOOP_ANALYSIS = YES;
				CLANG_WARN_STRICT_PROTOTYPES = YES;
				CLANG_WARN_SUSPICIOUS_MOVE = YES;
				CLANG_WARN_UNGUARDED_AVAILABILITY = YES_AGGRESSIVE;
				CLANG_WARN_UNREACHABLE_CODE = YES;
				CLANG_WARN__DUPLICATE_METHOD_MATCH = YES;
				CODE_SIGN_IDENTITY = "iPhone Developer";
				COPY_PHASE_STRIP = NO;
				DEBUG_INFORMATION_FORMAT = "dwarf-with-dsym";
				ENABLE_NS_ASSERTIONS = NO;
				ENABLE_STRICT_OBJC_MSGSEND = YES;
				GCC_C_LANGUAGE_STANDARD = gnu11;
				GCC_NO_COMMON_BLOCKS = YES;
				GCC_WARN_64_TO_32_BIT_CONVERSION = YES;
				GCC_WARN_ABOUT_RETURN_TYPE = YES_ERROR;
				GCC_WARN_UNDECLARED_SELECTOR = YES;
				GCC_WARN_UNINITIALIZED_AUTOS = YES_AGGRESSIVE;
				GCC_WARN_UNUSED_FUNCTION = YES;
				GCC_WARN_UNUSED_VARIABLE = YES;
				IPHONEOS_DEPLOYMENT_TARGET = 12.1;
				MTL_ENABLE_DEBUG_INFO = NO;
				MTL_FAST_MATH = YES;
				SDKROOT = iphoneos;
				SWIFT_COMPILATION_MODE = wholemodule;
				SWIFT_OPTIMIZATION_LEVEL = "-O";
				VALIDATE_PRODUCT = YES;
			};
			name = Release;
		};
		394E056922378B55005B2DAA /* Debug */ = {
			isa = XCBuildConfiguration;
			buildSettings = {
				ASSETCATALOG_COMPILER_APPICON_NAME = AppIcon;
				CODE_SIGN_STYLE = Automatic;
				DEVELOPMENT_TEAM = 5ZRKC88876;
				INFOPLIST_FILE = Surfbox/Info.plist;
				LD_RUNPATH_SEARCH_PATHS = (
					"$(inherited)",
					"@executable_path/Frameworks",
				);
				PRODUCT_BUNDLE_IDENTIFIER = com.mosesrobinson.Surfbox;
				PRODUCT_NAME = "$(TARGET_NAME)";
				SWIFT_VERSION = 4.2;
				TARGETED_DEVICE_FAMILY = "1,2";
			};
			name = Debug;
		};
		394E056A22378B55005B2DAA /* Release */ = {
			isa = XCBuildConfiguration;
			buildSettings = {
				ASSETCATALOG_COMPILER_APPICON_NAME = AppIcon;
				CODE_SIGN_STYLE = Automatic;
				DEVELOPMENT_TEAM = 5ZRKC88876;
				INFOPLIST_FILE = Surfbox/Info.plist;
				LD_RUNPATH_SEARCH_PATHS = (
					"$(inherited)",
					"@executable_path/Frameworks",
				);
				PRODUCT_BUNDLE_IDENTIFIER = com.mosesrobinson.Surfbox;
				PRODUCT_NAME = "$(TARGET_NAME)";
				SWIFT_VERSION = 4.2;
				TARGETED_DEVICE_FAMILY = "1,2";
			};
			name = Release;
		};
/* End XCBuildConfiguration section */

/* Begin XCConfigurationList section */
		394E055122378B53005B2DAA /* Build configuration list for PBXProject "Surfbox" */ = {
			isa = XCConfigurationList;
			buildConfigurations = (
				394E056622378B55005B2DAA /* Debug */,
				394E056722378B55005B2DAA /* Release */,
			);
			defaultConfigurationIsVisible = 0;
			defaultConfigurationName = Release;
		};
		394E056822378B55005B2DAA /* Build configuration list for PBXNativeTarget "Surfbox" */ = {
			isa = XCConfigurationList;
			buildConfigurations = (
				394E056922378B55005B2DAA /* Debug */,
				394E056A22378B55005B2DAA /* Release */,
			);
			defaultConfigurationIsVisible = 0;
			defaultConfigurationName = Release;
		};
/* End XCConfigurationList section */

/* Begin XCVersionGroup section */
		394E05752239C1AD005B2DAA /* Surfbox.xcdatamodeld */ = {
			isa = XCVersionGroup;
			children = (
				394E05762239C1AD005B2DAA /* Surfbox.xcdatamodel */,
			);
			currentVersion = 394E05762239C1AD005B2DAA /* Surfbox.xcdatamodel */;
			path = Surfbox.xcdatamodeld;
			sourceTree = "<group>";
			versionGroupType = wrapper.xcdatamodel;
		};
/* End XCVersionGroup section */
	};
	rootObject = 394E054E22378B53005B2DAA /* Project object */;
}
